
Microsoft Visual Studio Solution File, Format Version 12.00
# Visual Studio Version 17
VisualStudioVersion = 17.13.36105.23 d17.13
MinimumVisualStudioVersion = 10.0.40219.1
Project("{FAE04EC0-301F-11D3-BF4B-00C04F79EFBC}") = "OrderLog", "OrderLog.csproj", "{5738CCE2-DDF8-C147-A140-B3805D309DE7}"
EndProject
Global
	GlobalSection(SolutionConfigurationPlatforms) = preSolution
		Debug|Any CPU = Debug|Any CPU
		Release|Any CPU = Release|Any CPU
	EndGlobalSection
	GlobalSection(ProjectConfigurationPlatforms) = postSolution
		{5738CCE2-DDF8-C147-A140-B3805D309DE7}.Debug|Any CPU.ActiveCfg = Debug|Any CPU
		{5738CCE2-DDF8-C147-A140-B3805D309DE7}.Debug|Any CPU.Build.0 = Debug|Any CPU
		{5738CCE2-DDF8-C147-A140-B3805D309DE7}.Release|Any CPU.ActiveCfg = Release|Any CPU
		{5738CCE2-DDF8-C147-A140-B3805D309DE7}.Release|Any CPU.Build.0 = Release|Any CPU
	EndGlobalSection
	GlobalSection(SolutionProperties) = preSolution
		HideSolutionNode = FALSE
	EndGlobalSection
	GlobalSection(ExtensibilityGlobals) = postSolution
		SolutionGuid = {18403964-A35E-49A8-B925-9F17F3E45CBB}
	EndGlobalSection
EndGlobal
